<?xml version="1.0" encoding="UTF-8"?>
<CodeBlocks_project_file>
	<FileVersion major="1" minor="6"/>
	<Project>
		<Option title="test_gui"/>
		<Option makefile_is_custom="1"/>
		<Option compiler="gcc"/>
		<Option virtualFolders="CMake Files\;CMake Files\..\;CMake Files\..\..\;CMake Files\..\..\..\;CMake Files\..\..\..\..\;CMake Files\..\..\..\..\..\;CMake Files\..\..\..\..\..\..\;CMake Files\..\..\..\..\..\..\usr\;CMake Files\..\..\..\..\..\..\usr\lib\;CMake Files\..\..\..\..\..\..\usr\lib\aarch64-linux-gnu\;CMake Files\..\..\..\..\..\..\usr\lib\aarch64-linux-gnu\cmake\;CMake Files\..\..\..\..\..\..\usr\lib\aarch64-linux-gnu\cmake\Qt5\;CMake Files\..\..\..\..\..\..\usr\lib\aarch64-linux-gnu\cmake\Qt5Widgets\;CMake Files\..\..\..\..\..\..\usr\lib\aarch64-linux-gnu\cmake\Qt5Gui\;CMake Files\..\..\..\..\..\..\usr\lib\aarch64-linux-gnu\cmake\Qt5Core\;"/>
		<Build>
			<Target title="all">
				<Option working_dir="/home/mechatronics/master/ros2_ws/src/build-test_gui-Desktop-Debug"/>
				<Option type="4"/>
				<MakeCommands>
					<Build command="/usr/bin/make -j12 -f &quot;/home/mechatronics/master/ros2_ws/src/build-test_gui-Desktop-Debug/Makefile&quot;  VERBOSE=1 all"/>
					<CompileFile command="/usr/bin/make -j12 -f &quot;/home/mechatronics/master/ros2_ws/src/build-test_gui-Desktop-Debug/Makefile&quot;  VERBOSE=1 &quot;$file&quot;"/>
					<Clean command="/usr/bin/make -j12 -f &quot;/home/mechatronics/master/ros2_ws/src/build-test_gui-Desktop-Debug/Makefile&quot;  VERBOSE=1 clean"/>
					<DistClean command="/usr/bin/make -j12 -f &quot;/home/mechatronics/master/ros2_ws/src/build-test_gui-Desktop-Debug/Makefile&quot;  VERBOSE=1 clean"/>
				</MakeCommands>
			</Target>
			<Target title="rebuild_cache">
				<Option working_dir="/home/mechatronics/master/ros2_ws/src/build-test_gui-Desktop-Debug"/>
				<Option type="4"/>
				<MakeCommands>
					<Build command="/usr/bin/make -j12 -f &quot;/home/mechatronics/master/ros2_ws/src/build-test_gui-Desktop-Debug/Makefile&quot;  VERBOSE=1 rebuild_cache"/>
					<CompileFile command="/usr/bin/make -j12 -f &quot;/home/mechatronics/master/ros2_ws/src/build-test_gui-Desktop-Debug/Makefile&quot;  VERBOSE=1 &quot;$file&quot;"/>
					<Clean command="/usr/bin/make -j12 -f &quot;/home/mechatronics/master/ros2_ws/src/build-test_gui-Desktop-Debug/Makefile&quot;  VERBOSE=1 clean"/>
					<DistClean command="/usr/bin/make -j12 -f &quot;/home/mechatronics/master/ros2_ws/src/build-test_gui-Desktop-Debug/Makefile&quot;  VERBOSE=1 clean"/>
				</MakeCommands>
			</Target>
			<Target title="edit_cache">
				<Option working_dir="/home/mechatronics/master/ros2_ws/src/build-test_gui-Desktop-Debug"/>
				<Option type="4"/>
				<MakeCommands>
					<Build command="/usr/bin/make -j12 -f &quot;/home/mechatronics/master/ros2_ws/src/build-test_gui-Desktop-Debug/Makefile&quot;  VERBOSE=1 edit_cache"/>
					<CompileFile command="/usr/bin/make -j12 -f &quot;/home/mechatronics/master/ros2_ws/src/build-test_gui-Desktop-Debug/Makefile&quot;  VERBOSE=1 &quot;$file&quot;"/>
					<Clean command="/usr/bin/make -j12 -f &quot;/home/mechatronics/master/ros2_ws/src/build-test_gui-Desktop-Debug/Makefile&quot;  VERBOSE=1 clean"/>
					<DistClean command="/usr/bin/make -j12 -f &quot;/home/mechatronics/master/ros2_ws/src/build-test_gui-Desktop-Debug/Makefile&quot;  VERBOSE=1 clean"/>
				</MakeCommands>
			</Target>
			<Target title="test_gui_exec">
				<Option output="/home/mechatronics/master/ros2_ws/src/build-test_gui-Desktop-Debug/test_gui_exec" prefix_auto="0" extension_auto="0"/>
				<Option working_dir="/home/mechatronics/master/ros2_ws/src/build-test_gui-Desktop-Debug"/>
				<Option object_output="./"/>
				<Option type="1"/>
				<Option compiler="gcc"/>
				<Compiler>
					<Add option="-DQT_WIDGETS_LIB"/>
					<Add option="-DQT_GUI_LIB"/>
					<Add option="-DQT_CORE_LIB"/>
					<Add directory="/home/mechatronics/master/ros2_ws/src/build-test_gui-Desktop-Debug"/>
					<Add directory="/home/mechatronics/master/ros2_ws/src/test_gui"/>
					<Add directory="/home/mechatronics/master/ros2_ws/src/build-test_gui-Desktop-Debug/test_gui_exec_autogen/include"/>
					<Add directory="/home/mechatronics/master/ros2_ws/src/test_gui/include"/>
					<Add directory="/usr/include/aarch64-linux-gnu/qt5"/>
					<Add directory="/usr/include/aarch64-linux-gnu/qt5/QtWidgets"/>
					<Add directory="/usr/include/aarch64-linux-gnu/qt5/QtGui"/>
					<Add directory="/usr/include/aarch64-linux-gnu/qt5/QtCore"/>
					<Add directory="/usr/lib/aarch64-linux-gnu/qt5/mkspecs/linux-g++"/>
					<Add directory="/usr/include/c++/9"/>
					<Add directory="/usr/include/aarch64-linux-gnu/c++/9"/>
					<Add directory="/usr/include/c++/9/backward"/>
					<Add directory="/usr/lib/gcc/aarch64-linux-gnu/9/include"/>
					<Add directory="/usr/local/include"/>
					<Add directory="/usr/include/aarch64-linux-gnu"/>
					<Add directory="/usr/include"/>
				</Compiler>
				<MakeCommands>
					<Build command="/usr/bin/make -j12 -f &quot;/home/mechatronics/master/ros2_ws/src/build-test_gui-Desktop-Debug/Makefile&quot;  VERBOSE=1 test_gui_exec"/>
					<CompileFile command="/usr/bin/make -j12 -f &quot;/home/mechatronics/master/ros2_ws/src/build-test_gui-Desktop-Debug/Makefile&quot;  VERBOSE=1 &quot;$file&quot;"/>
					<Clean command="/usr/bin/make -j12 -f &quot;/home/mechatronics/master/ros2_ws/src/build-test_gui-Desktop-Debug/Makefile&quot;  VERBOSE=1 clean"/>
					<DistClean command="/usr/bin/make -j12 -f &quot;/home/mechatronics/master/ros2_ws/src/build-test_gui-Desktop-Debug/Makefile&quot;  VERBOSE=1 clean"/>
				</MakeCommands>
			</Target>
			<Target title="test_gui_exec/fast">
				<Option output="/home/mechatronics/master/ros2_ws/src/build-test_gui-Desktop-Debug/test_gui_exec" prefix_auto="0" extension_auto="0"/>
				<Option working_dir="/home/mechatronics/master/ros2_ws/src/build-test_gui-Desktop-Debug"/>
				<Option object_output="./"/>
				<Option type="1"/>
				<Option compiler="gcc"/>
				<Compiler>
					<Add option="-DQT_WIDGETS_LIB"/>
					<Add option="-DQT_GUI_LIB"/>
					<Add option="-DQT_CORE_LIB"/>
					<Add directory="/home/mechatronics/master/ros2_ws/src/build-test_gui-Desktop-Debug"/>
					<Add directory="/home/mechatronics/master/ros2_ws/src/test_gui"/>
					<Add directory="/home/mechatronics/master/ros2_ws/src/build-test_gui-Desktop-Debug/test_gui_exec_autogen/include"/>
					<Add directory="/home/mechatronics/master/ros2_ws/src/test_gui/include"/>
					<Add directory="/usr/include/aarch64-linux-gnu/qt5"/>
					<Add directory="/usr/include/aarch64-linux-gnu/qt5/QtWidgets"/>
					<Add directory="/usr/include/aarch64-linux-gnu/qt5/QtGui"/>
					<Add directory="/usr/include/aarch64-linux-gnu/qt5/QtCore"/>
					<Add directory="/usr/lib/aarch64-linux-gnu/qt5/mkspecs/linux-g++"/>
					<Add directory="/usr/include/c++/9"/>
					<Add directory="/usr/include/aarch64-linux-gnu/c++/9"/>
					<Add directory="/usr/include/c++/9/backward"/>
					<Add directory="/usr/lib/gcc/aarch64-linux-gnu/9/include"/>
					<Add directory="/usr/local/include"/>
					<Add directory="/usr/include/aarch64-linux-gnu"/>
					<Add directory="/usr/include"/>
				</Compiler>
				<MakeCommands>
					<Build command="/usr/bin/make -j12 -f &quot;/home/mechatronics/master/ros2_ws/src/build-test_gui-Desktop-Debug/Makefile&quot;  VERBOSE=1 test_gui_exec/fast"/>
					<CompileFile command="/usr/bin/make -j12 -f &quot;/home/mechatronics/master/ros2_ws/src/build-test_gui-Desktop-Debug/Makefile&quot;  VERBOSE=1 &quot;$file&quot;"/>
					<Clean command="/usr/bin/make -j12 -f &quot;/home/mechatronics/master/ros2_ws/src/build-test_gui-Desktop-Debug/Makefile&quot;  VERBOSE=1 clean"/>
					<DistClean command="/usr/bin/make -j12 -f &quot;/home/mechatronics/master/ros2_ws/src/build-test_gui-Desktop-Debug/Makefile&quot;  VERBOSE=1 clean"/>
				</MakeCommands>
			</Target>
			<Target title="test_gui_exec_autogen">
				<Option working_dir="/home/mechatronics/master/ros2_ws/src/build-test_gui-Desktop-Debug"/>
				<Option type="4"/>
				<MakeCommands>
					<Build command="/usr/bin/make -j12 -f &quot;/home/mechatronics/master/ros2_ws/src/build-test_gui-Desktop-Debug/Makefile&quot;  VERBOSE=1 test_gui_exec_autogen"/>
					<CompileFile command="/usr/bin/make -j12 -f &quot;/home/mechatronics/master/ros2_ws/src/build-test_gui-Desktop-Debug/Makefile&quot;  VERBOSE=1 &quot;$file&quot;"/>
					<Clean command="/usr/bin/make -j12 -f &quot;/home/mechatronics/master/ros2_ws/src/build-test_gui-Desktop-Debug/Makefile&quot;  VERBOSE=1 clean"/>
					<DistClean command="/usr/bin/make -j12 -f &quot;/home/mechatronics/master/ros2_ws/src/build-test_gui-Desktop-Debug/Makefile&quot;  VERBOSE=1 clean"/>
				</MakeCommands>
			</Target>
		</Build>
		<Unit filename="/home/mechatronics/master/ros2_ws/src/build-test_gui-Desktop-Debug/test_gui_exec_autogen/mocs_compilation.cpp">
			<Option target="test_gui_exec"/>
		</Unit>
		<Unit filename="/home/mechatronics/master/ros2_ws/src/test_gui/include/mainwindow.hpp">
			<Option target="test_gui_exec"/>
		</Unit>
		<Unit filename="/home/mechatronics/master/ros2_ws/src/test_gui/include/mission_planning.hpp">
			<Option target="test_gui_exec"/>
		</Unit>
		<Unit filename="/home/mechatronics/master/ros2_ws/src/test_gui/include/pid_controller.hpp">
			<Option target="test_gui_exec"/>
		</Unit>
		<Unit filename="/home/mechatronics/master/ros2_ws/src/test_gui/src/main.cpp">
			<Option target="test_gui_exec"/>
		</Unit>
		<Unit filename="/home/mechatronics/master/ros2_ws/src/test_gui/src/mainwindow.cpp">
			<Option target="test_gui_exec"/>
		</Unit>
		<Unit filename="/home/mechatronics/master/ros2_ws/src/test_gui/src/mainwindow.ui">
			<Option target="test_gui_exec"/>
		</Unit>
		<Unit filename="/home/mechatronics/master/ros2_ws/src/test_gui/src/mission_planning.cpp">
			<Option target="test_gui_exec"/>
		</Unit>
		<Unit filename="/home/mechatronics/master/ros2_ws/src/test_gui/src/mission_planning.ui">
			<Option target="test_gui_exec"/>
		</Unit>
		<Unit filename="/home/mechatronics/master/ros2_ws/src/test_gui/src/pid_controller.cpp">
			<Option target="test_gui_exec"/>
		</Unit>
		<Unit filename="/home/mechatronics/master/ros2_ws/src/test_gui/src/pid_controller.ui">
			<Option target="test_gui_exec"/>
		</Unit>
		<Unit filename="/home/mechatronics/master/ros2_ws/src/test_gui/CMakeLists.txt">
			<Option virtualFolder="CMake Files\"/>
		</Unit>
		<Unit filename="/home/mechatronics/master/ros2_ws/src/test_gui/../../../../../../usr/lib/aarch64-linux-gnu/cmake/Qt5/Qt5Config.cmake">
			<Option virtualFolder="CMake Files\..\..\..\..\..\..\usr\lib\aarch64-linux-gnu\cmake\Qt5\"/>
		</Unit>
		<Unit filename="/home/mechatronics/master/ros2_ws/src/test_gui/../../../../../../usr/lib/aarch64-linux-gnu/cmake/Qt5/Qt5ConfigVersion.cmake">
			<Option virtualFolder="CMake Files\..\..\..\..\..\..\usr\lib\aarch64-linux-gnu\cmake\Qt5\"/>
		</Unit>
		<Unit filename="/home/mechatronics/master/ros2_ws/src/test_gui/../../../../../../usr/lib/aarch64-linux-gnu/cmake/Qt5/Qt5ModuleLocation.cmake">
			<Option virtualFolder="CMake Files\..\..\..\..\..\..\usr\lib\aarch64-linux-gnu\cmake\Qt5\"/>
		</Unit>
		<Unit filename="/home/mechatronics/master/ros2_ws/src/test_gui/../../../../../../usr/lib/aarch64-linux-gnu/cmake/Qt5Widgets/Qt5WidgetsConfig.cmake">
			<Option virtualFolder="CMake Files\..\..\..\..\..\..\usr\lib\aarch64-linux-gnu\cmake\Qt5Widgets\"/>
		</Unit>
		<Unit filename="/home/mechatronics/master/ros2_ws/src/test_gui/../../../../../../usr/lib/aarch64-linux-gnu/cmake/Qt5Widgets/Qt5WidgetsConfigExtras.cmake">
			<Option virtualFolder="CMake Files\..\..\..\..\..\..\usr\lib\aarch64-linux-gnu\cmake\Qt5Widgets\"/>
		</Unit>
		<Unit filename="/home/mechatronics/master/ros2_ws/src/test_gui/../../../../../../usr/lib/aarch64-linux-gnu/cmake/Qt5Widgets/Qt5WidgetsConfigVersion.cmake">
			<Option virtualFolder="CMake Files\..\..\..\..\..\..\usr\lib\aarch64-linux-gnu\cmake\Qt5Widgets\"/>
		</Unit>
		<Unit filename="/home/mechatronics/master/ros2_ws/src/test_gui/../../../../../../usr/lib/aarch64-linux-gnu/cmake/Qt5Widgets/Qt5WidgetsMacros.cmake">
			<Option virtualFolder="CMake Files\..\..\..\..\..\..\usr\lib\aarch64-linux-gnu\cmake\Qt5Widgets\"/>
		</Unit>
		<Unit filename="/home/mechatronics/master/ros2_ws/src/test_gui/../../../../../../usr/lib/aarch64-linux-gnu/cmake/Qt5Gui/Qt5GuiConfig.cmake">
			<Option virtualFolder="CMake Files\..\..\..\..\..\..\usr\lib\aarch64-linux-gnu\cmake\Qt5Gui\"/>
		</Unit>
		<Unit filename="/home/mechatronics/master/ros2_ws/src/test_gui/../../../../../../usr/lib/aarch64-linux-gnu/cmake/Qt5Gui/Qt5GuiConfigExtras.cmake">
			<Option virtualFolder="CMake Files\..\..\..\..\..\..\usr\lib\aarch64-linux-gnu\cmake\Qt5Gui\"/>
		</Unit>
		<Unit filename="/home/mechatronics/master/ros2_ws/src/test_gui/../../../../../../usr/lib/aarch64-linux-gnu/cmake/Qt5Gui/Qt5GuiConfigVersion.cmake">
			<Option virtualFolder="CMake Files\..\..\..\..\..\..\usr\lib\aarch64-linux-gnu\cmake\Qt5Gui\"/>
		</Unit>
		<Unit filename="/home/mechatronics/master/ros2_ws/src/test_gui/../../../../../../usr/lib/aarch64-linux-gnu/cmake/Qt5Gui/Qt5Gui_QComposePlatformInputContextPlugin.cmake">
			<Option virtualFolder="CMake Files\..\..\..\..\..\..\usr\lib\aarch64-linux-gnu\cmake\Qt5Gui\"/>
		</Unit>
		<Unit filename="/home/mechatronics/master/ros2_ws/src/test_gui/../../../../../../usr/lib/aarch64-linux-gnu/cmake/Qt5Gui/Qt5Gui_QEglFSEmulatorIntegrationPlugin.cmake">
			<Option virtualFolder="CMake Files\..\..\..\..\..\..\usr\lib\aarch64-linux-gnu\cmake\Qt5Gui\"/>
		</Unit>
		<Unit filename="/home/mechatronics/master/ros2_ws/src/test_gui/../../../../../../usr/lib/aarch64-linux-gnu/cmake/Qt5Gui/Qt5Gui_QEglFSIntegrationPlugin.cmake">
			<Option virtualFolder="CMake Files\..\..\..\..\..\..\usr\lib\aarch64-linux-gnu\cmake\Qt5Gui\"/>
		</Unit>
		<Unit filename="/home/mechatronics/master/ros2_ws/src/test_gui/../../../../../../usr/lib/aarch64-linux-gnu/cmake/Qt5Gui/Qt5Gui_QEglFSKmsEglDeviceIntegrationPlugin.cmake">
			<Option virtualFolder="CMake Files\..\..\..\..\..\..\usr\lib\aarch64-linux-gnu\cmake\Qt5Gui\"/>
		</Unit>
		<Unit filename="/home/mechatronics/master/ros2_ws/src/test_gui/../../../../../../usr/lib/aarch64-linux-gnu/cmake/Qt5Gui/Qt5Gui_QEglFSKmsGbmIntegrationPlugin.cmake">
			<Option virtualFolder="CMake Files\..\..\..\..\..\..\usr\lib\aarch64-linux-gnu\cmake\Qt5Gui\"/>
		</Unit>
		<Unit filename="/home/mechatronics/master/ros2_ws/src/test_gui/../../../../../../usr/lib/aarch64-linux-gnu/cmake/Qt5Gui/Qt5Gui_QEglFSX11IntegrationPlugin.cmake">
			<Option virtualFolder="CMake Files\..\..\..\..\..\..\usr\lib\aarch64-linux-gnu\cmake\Qt5Gui\"/>
		</Unit>
		<Unit filename="/home/mechatronics/master/ros2_ws/src/test_gui/../../../../../../usr/lib/aarch64-linux-gnu/cmake/Qt5Gui/Qt5Gui_QEvdevKeyboardPlugin.cmake">
			<Option virtualFolder="CMake Files\..\..\..\..\..\..\usr\lib\aarch64-linux-gnu\cmake\Qt5Gui\"/>
		</Unit>
		<Unit filename="/home/mechatronics/master/ros2_ws/src/test_gui/../../../../../../usr/lib/aarch64-linux-gnu/cmake/Qt5Gui/Qt5Gui_QEvdevMousePlugin.cmake">
			<Option virtualFolder="CMake Files\..\..\..\..\..\..\usr\lib\aarch64-linux-gnu\cmake\Qt5Gui\"/>
		</Unit>
		<Unit filename="/home/mechatronics/master/ros2_ws/src/test_gui/../../../../../../usr/lib/aarch64-linux-gnu/cmake/Qt5Gui/Qt5Gui_QEvdevTabletPlugin.cmake">
			<Option virtualFolder="CMake Files\..\..\..\..\..\..\usr\lib\aarch64-linux-gnu\cmake\Qt5Gui\"/>
		</Unit>
		<Unit filename="/home/mechatronics/master/ros2_ws/src/test_gui/../../../../../../usr/lib/aarch64-linux-gnu/cmake/Qt5Gui/Qt5Gui_QEvdevTouchScreenPlugin.cmake">
			<Option virtualFolder="CMake Files\..\..\..\..\..\..\usr\lib\aarch64-linux-gnu\cmake\Qt5Gui\"/>
		</Unit>
		<Unit filename="/home/mechatronics/master/ros2_ws/src/test_gui/../../../../../../usr/lib/aarch64-linux-gnu/cmake/Qt5Gui/Qt5Gui_QGifPlugin.cmake">
			<Option virtualFolder="CMake Files\..\..\..\..\..\..\usr\lib\aarch64-linux-gnu\cmake\Qt5Gui\"/>
		</Unit>
		<Unit filename="/home/mechatronics/master/ros2_ws/src/test_gui/../../../../../../usr/lib/aarch64-linux-gnu/cmake/Qt5Gui/Qt5Gui_QICOPlugin.cmake">
			<Option virtualFolder="CMake Files\..\..\..\..\..\..\usr\lib\aarch64-linux-gnu\cmake\Qt5Gui\"/>
		</Unit>
		<Unit filename="/home/mechatronics/master/ros2_ws/src/test_gui/../../../../../../usr/lib/aarch64-linux-gnu/cmake/Qt5Gui/Qt5Gui_QIbusPlatformInputContextPlugin.cmake">
			<Option virtualFolder="CMake Files\..\..\..\..\..\..\usr\lib\aarch64-linux-gnu\cmake\Qt5Gui\"/>
		</Unit>
		<Unit filename="/home/mechatronics/master/ros2_ws/src/test_gui/../../../../../../usr/lib/aarch64-linux-gnu/cmake/Qt5Gui/Qt5Gui_QJpegPlugin.cmake">
			<Option virtualFolder="CMake Files\..\..\..\..\..\..\usr\lib\aarch64-linux-gnu\cmake\Qt5Gui\"/>
		</Unit>
		<Unit filename="/home/mechatronics/master/ros2_ws/src/test_gui/../../../../../../usr/lib/aarch64-linux-gnu/cmake/Qt5Gui/Qt5Gui_QLibInputPlugin.cmake">
			<Option virtualFolder="CMake Files\..\..\..\..\..\..\usr\lib\aarch64-linux-gnu\cmake\Qt5Gui\"/>
		</Unit>
		<Unit filename="/home/mechatronics/master/ros2_ws/src/test_gui/../../../../../../usr/lib/aarch64-linux-gnu/cmake/Qt5Gui/Qt5Gui_QLinuxFbIntegrationPlugin.cmake">
			<Option virtualFolder="CMake Files\..\..\..\..\..\..\usr\lib\aarch64-linux-gnu\cmake\Qt5Gui\"/>
		</Unit>
		<Unit filename="/home/mechatronics/master/ros2_ws/src/test_gui/../../../../../../usr/lib/aarch64-linux-gnu/cmake/Qt5Gui/Qt5Gui_QMinimalEglIntegrationPlugin.cmake">
			<Option virtualFolder="CMake Files\..\..\..\..\..\..\usr\lib\aarch64-linux-gnu\cmake\Qt5Gui\"/>
		</Unit>
		<Unit filename="/home/mechatronics/master/ros2_ws/src/test_gui/../../../../../../usr/lib/aarch64-linux-gnu/cmake/Qt5Gui/Qt5Gui_QMinimalIntegrationPlugin.cmake">
			<Option virtualFolder="CMake Files\..\..\..\..\..\..\usr\lib\aarch64-linux-gnu\cmake\Qt5Gui\"/>
		</Unit>
		<Unit filename="/home/mechatronics/master/ros2_ws/src/test_gui/../../../../../../usr/lib/aarch64-linux-gnu/cmake/Qt5Gui/Qt5Gui_QOffscreenIntegrationPlugin.cmake">
			<Option virtualFolder="CMake Files\..\..\..\..\..\..\usr\lib\aarch64-linux-gnu\cmake\Qt5Gui\"/>
		</Unit>
		<Unit filename="/home/mechatronics/master/ros2_ws/src/test_gui/../../../../../../usr/lib/aarch64-linux-gnu/cmake/Qt5Gui/Qt5Gui_QTuioTouchPlugin.cmake">
			<Option virtualFolder="CMake Files\..\..\..\..\..\..\usr\lib\aarch64-linux-gnu\cmake\Qt5Gui\"/>
		</Unit>
		<Unit filename="/home/mechatronics/master/ros2_ws/src/test_gui/../../../../../../usr/lib/aarch64-linux-gnu/cmake/Qt5Gui/Qt5Gui_QVncIntegrationPlugin.cmake">
			<Option virtualFolder="CMake Files\..\..\..\..\..\..\usr\lib\aarch64-linux-gnu\cmake\Qt5Gui\"/>
		</Unit>
		<Unit filename="/home/mechatronics/master/ros2_ws/src/test_gui/../../../../../../usr/lib/aarch64-linux-gnu/cmake/Qt5Gui/Qt5Gui_QXcbEglIntegrationPlugin.cmake">
			<Option virtualFolder="CMake Files\..\..\..\..\..\..\usr\lib\aarch64-linux-gnu\cmake\Qt5Gui\"/>
		</Unit>
		<Unit filename="/home/mechatronics/master/ros2_ws/src/test_gui/../../../../../../usr/lib/aarch64-linux-gnu/cmake/Qt5Gui/Qt5Gui_QXcbGlxIntegrationPlugin.cmake">
			<Option virtualFolder="CMake Files\..\..\..\..\..\..\usr\lib\aarch64-linux-gnu\cmake\Qt5Gui\"/>
		</Unit>
		<Unit filename="/home/mechatronics/master/ros2_ws/src/test_gui/../../../../../../usr/lib/aarch64-linux-gnu/cmake/Qt5Gui/Qt5Gui_QXcbIntegrationPlugin.cmake">
			<Option virtualFolder="CMake Files\..\..\..\..\..\..\usr\lib\aarch64-linux-gnu\cmake\Qt5Gui\"/>
		</Unit>
		<Unit filename="/home/mechatronics/master/ros2_ws/src/test_gui/../../../../../../usr/lib/aarch64-linux-gnu/cmake/Qt5Core/Qt5CoreConfig.cmake">
			<Option virtualFolder="CMake Files\..\..\..\..\..\..\usr\lib\aarch64-linux-gnu\cmake\Qt5Core\"/>
		</Unit>
		<Unit filename="/home/mechatronics/master/ros2_ws/src/test_gui/../../../../../../usr/lib/aarch64-linux-gnu/cmake/Qt5Core/Qt5CoreConfigExtras.cmake">
			<Option virtualFolder="CMake Files\..\..\..\..\..\..\usr\lib\aarch64-linux-gnu\cmake\Qt5Core\"/>
		</Unit>
		<Unit filename="/home/mechatronics/master/ros2_ws/src/test_gui/../../../../../../usr/lib/aarch64-linux-gnu/cmake/Qt5Core/Qt5CoreConfigExtrasMkspecDir.cmake">
			<Option virtualFolder="CMake Files\..\..\..\..\..\..\usr\lib\aarch64-linux-gnu\cmake\Qt5Core\"/>
		</Unit>
		<Unit filename="/home/mechatronics/master/ros2_ws/src/test_gui/../../../../../../usr/lib/aarch64-linux-gnu/cmake/Qt5Core/Qt5CoreConfigVersion.cmake">
			<Option virtualFolder="CMake Files\..\..\..\..\..\..\usr\lib\aarch64-linux-gnu\cmake\Qt5Core\"/>
		</Unit>
		<Unit filename="/home/mechatronics/master/ros2_ws/src/test_gui/../../../../../../usr/lib/aarch64-linux-gnu/cmake/Qt5Core/Qt5CoreMacros.cmake">
			<Option virtualFolder="CMake Files\..\..\..\..\..\..\usr\lib\aarch64-linux-gnu\cmake\Qt5Core\"/>
		</Unit>
	</Project>
</CodeBlocks_project_file>
